
Microsoft Visual Studio Solution File, Format Version 12.00
# Visual Studio Version 17
VisualStudioVersion = 17.3.32929.385
MinimumVisualStudioVersion = 10.0.40219.1
Project("{FAE04EC0-301F-11D3-BF4B-00C04F79EFBC}") = "csharp-banca-oop", "csharp-banca-oop.csproj", "{8965A855-B925-49DF-9455-B6FE4B1718CE}"
EndProject
Global
	GlobalSection(SolutionConfigurationPlatforms) = preSolution
		Debug|Any CPU = Debug|Any CPU
		Release|Any CPU = Release|Any CPU
	EndGlobalSection
	GlobalSection(ProjectConfigurationPlatforms) = postSolution
		{8965A855-B925-49DF-9455-B6FE4B1718CE}.Debug|Any CPU.ActiveCfg = Debug|Any CPU
		{8965A855-B925-49DF-9455-B6FE4B1718CE}.Debug|Any CPU.Build.0 = Debug|Any CPU
		{8965A855-B925-49DF-9455-B6FE4B1718CE}.Release|Any CPU.ActiveCfg = Release|Any CPU
		{8965A855-B925-49DF-9455-B6FE4B1718CE}.Release|Any CPU.Build.0 = Release|Any CPU
	EndGlobalSection
	GlobalSection(SolutionProperties) = preSolution
		HideSolutionNode = FALSE
	EndGlobalSection
	GlobalSection(ExtensibilityGlobals) = postSolution
		SolutionGuid = {7DBCC86E-E238-48A0-A86D-EF0AE98F0DA1}
	EndGlobalSection
EndGlobal
